<?xml version="1.0" encoding="utf-8"?>
<Project ToolsVersion="4.0" xmlns="http://schemas.microsoft.com/developer/msbuild/2003">
  <ItemGroup>
    <Filter Include="Source Files">
      <UniqueIdentifier>{4FC737F1-C7A5-4376-A066-2A32D752A2FF}</UniqueIdentifier>
      <Extensions>cpp;c;cc;cxx;def;odl;idl;hpj;bat;asm;asmx</Extensions>
    </Filter>
    <Filter Include="Header Files">
      <UniqueIdentifier>{93995380-89BD-4b04-88EB-625FBE52EBFB}</UniqueIdentifier>
      <Extensions>h;hh;hpp;hxx;hm;inl;inc;xsd</Extensions>
    </Filter>
    <Filter Include="Resource Files">
      <UniqueIdentifier>{67DA6AB6-F800-4c08-8B7A-83BB121AAD01}</UniqueIdentifier>
      <Extensions>rc;ico;cur;bmp;dlg;rc2;rct;bin;rgs;gif;jpg;jpeg;jpe;resx;tiff;tif;png;wav;mfcribbon-ms</Extensions>
    </Filter>
    <Filter Include="Source Files\dialog">
      <UniqueIdentifier>{2931c8af-203e-445a-bd0e-eddba3ede700}</UniqueIdentifier>
    </Filter>
    <Filter Include="Source Files\soundRecognize">
      <UniqueIdentifier>{c34ba7f9-2c8f-4311-870b-00e4b230cdc5}</UniqueIdentifier>
    </Filter>
    <Filter Include="Source Files\soundRecord">
      <UniqueIdentifier>{0fbaea0e-369d-461a-904e-f649d9cb6333}</UniqueIdentifier>
    </Filter>
    <Filter Include="Source Files\utils">
      <UniqueIdentifier>{b891bfb5-cd1f-4fe7-9e41-a13fbc17b11f}</UniqueIdentifier>
    </Filter>
    <Filter Include="Source Files\common">
      <UniqueIdentifier>{c5ee0c59-12ba-4994-a96a-de1a417ec541}</UniqueIdentifier>
    </Filter>
    <Filter Include="Source Files\hook">
      <UniqueIdentifier>{edb948e5-fd82-4ca7-b410-35f47994822e}</UniqueIdentifier>
    </Filter>
    <Filter Include="Source Files\img">
      <UniqueIdentifier>{786a6bc7-067d-4e5f-8aca-85571dbc3d3e}</UniqueIdentifier>
    </Filter>
    <Filter Include="Header Files\exceptions">
      <UniqueIdentifier>{3f156260-7d3c-4f49-a47d-86687d1eb16e}</UniqueIdentifier>
    </Filter>
    <Filter Include="Source Files\exceptions">
      <UniqueIdentifier>{5b88a810-5b30-42a6-9e3a-bc5d4c89a3c3}</UniqueIdentifier>
    </Filter>
  </ItemGroup>
  <ItemGroup>
    <Text Include="ReadMe.txt" />
  </ItemGroup>
  <ItemGroup>
    <ClInclude Include="stdafx.h">
      <Filter>Header Files</Filter>
    </ClInclude>
    <ClInclude Include="targetver.h">
      <Filter>Header Files</Filter>
    </ClInclude>
    <ClInclude Include="GetOpenFileNameTest.h">
      <Filter>Header Files</Filter>
    </ClInclude>
    <ClInclude Include="OpenFileDialog.h">
      <Filter>Header Files</Filter>
    </ClInclude>
    <ClInclude Include="AudioConfig.h">
      <Filter>Header Files</Filter>
    </ClInclude>
    <ClInclude Include="AudioManager.h">
      <Filter>Header Files</Filter>
    </ClInclude>
    <ClInclude Include="AudioRecognize.h">
      <Filter>Header Files</Filter>
    </ClInclude>
    <ClInclude Include="AudioRender.h">
      <Filter>Header Files</Filter>
    </ClInclude>
    <ClInclude Include="CharacterHelper.h">
      <Filter>Header Files</Filter>
    </ClInclude>
    <ClInclude Include="ClassRegister.h">
      <Filter>Header Files</Filter>
    </ClInclude>
    <ClInclude Include="cluster.h">
      <Filter>Header Files</Filter>
    </ClInclude>
    <ClInclude Include="FFT2.h">
      <Filter>Header Files</Filter>
    </ClInclude>
    <ClInclude Include="FileDlg.h">
      <Filter>Header Files</Filter>
    </ClInclude>
    <ClInclude Include="fileUtil.h">
      <Filter>Header Files</Filter>
    </ClInclude>
    <ClInclude Include="global.h">
      <Filter>Header Files</Filter>
    </ClInclude>
    <ClInclude Include="gmm.h">
      <Filter>Header Files</Filter>
    </ClInclude>
    <ClInclude Include="gmmEdit2.h">
      <Filter>Header Files</Filter>
    </ClInclude>
    <ClInclude Include="hdcMap.h">
      <Filter>Header Files</Filter>
    </ClInclude>
    <ClInclude Include="imgEx.h">
      <Filter>Header Files</Filter>
    </ClInclude>
    <ClInclude Include="kbHook.h">
      <Filter>Header Files</Filter>
    </ClInclude>
    <ClInclude Include="logger.h">
      <Filter>Header Files</Filter>
    </ClInclude>
    <ClInclude Include="mfcc.h">
      <Filter>Header Files</Filter>
    </ClInclude>
    <ClInclude Include="Monitor.h">
      <Filter>Header Files</Filter>
    </ClInclude>
    <ClInclude Include="mouseHook.h">
      <Filter>Header Files</Filter>
    </ClInclude>
    <ClInclude Include="MQ.h">
      <Filter>Header Files</Filter>
    </ClInclude>
    <ClInclude Include="myRecorder.h">
      <Filter>Header Files</Filter>
    </ClInclude>
    <ClInclude Include="MyRSA.h">
      <Filter>Header Files</Filter>
    </ClInclude>
    <ClInclude Include="PlaybackAudioCapture.h">
      <Filter>Header Files</Filter>
    </ClInclude>
    <ClInclude Include="ScreenAdapter.h">
      <Filter>Header Files</Filter>
    </ClInclude>
    <ClInclude Include="Security.h">
      <Filter>Header Files</Filter>
    </ClInclude>
    <ClInclude Include="setupDlg.h">
      <Filter>Header Files</Filter>
    </ClInclude>
    <ClInclude Include="superadminDlg.h">
      <Filter>Header Files</Filter>
    </ClInclude>
    <ClInclude Include="sysUtil.h">
      <Filter>Header Files</Filter>
    </ClInclude>
    <ClInclude Include="ThreadFunction.h">
      <Filter>Header Files</Filter>
    </ClInclude>
    <ClInclude Include="TimeCostDebug.h">
      <Filter>Header Files</Filter>
    </ClInclude>
    <ClInclude Include="timeUtil.h">
      <Filter>Header Files</Filter>
    </ClInclude>
    <ClInclude Include="tools.h">
      <Filter>Header Files</Filter>
    </ClInclude>
    <ClInclude Include="voiceprint.h">
      <Filter>Header Files</Filter>
    </ClInclude>
    <ClInclude Include="wav.h">
      <Filter>Header Files</Filter>
    </ClInclude>
    <ClInclude Include="wow.h">
      <Filter>Header Files</Filter>
    </ClInclude>
    <ClInclude Include="resource.h">
      <Filter>Header Files</Filter>
    </ClInclude>
    <ClInclude Include="sysconfig.h">
      <Filter>Header Files</Filter>
    </ClInclude>
    <ClInclude Include="MainDlg.h">
      <Filter>Header Files</Filter>
    </ClInclude>
    <ClInclude Include="dlgHelper.h">
      <Filter>Header Files</Filter>
    </ClInclude>
    <ClInclude Include="macUtil.h">
      <Filter>Header Files</Filter>
    </ClInclude>
    <ClInclude Include="CInitSock.h">
      <Filter>Header Files</Filter>
    </ClInclude>
    <ClInclude Include="SocketException.h">
      <Filter>Header Files\exceptions</Filter>
    </ClInclude>
    <ClInclude Include="MathUtil.h">
      <Filter>Header Files</Filter>
    </ClInclude>
    <ClInclude Include="MqMsg.h">
      <Filter>Header Files</Filter>
    </ClInclude>
  </ItemGroup>
  <ItemGroup>
    <ClCompile Include="stdafx.cpp">
      <Filter>Source Files</Filter>
    </ClCompile>
    <ClCompile Include="GetOpenFileNameTest.cpp">
      <Filter>Source Files</Filter>
    </ClCompile>
    <ClCompile Include="Monitor.cpp">
      <Filter>Source Files</Filter>
    </ClCompile>
    <ClCompile Include="ScreenAdapter.cpp">
      <Filter>Source Files</Filter>
    </ClCompile>
    <ClCompile Include="ThreadFunction.cpp">
      <Filter>Source Files</Filter>
    </ClCompile>
    <ClCompile Include="wow.cpp">
      <Filter>Source Files</Filter>
    </ClCompile>
    <ClCompile Include="TimeCostDebug.cpp">
      <Filter>Source Files</Filter>
    </ClCompile>
    <ClCompile Include="voiceprint.cpp">
      <Filter>Source Files</Filter>
    </ClCompile>
    <ClCompile Include="AudioRecognize.cpp">
      <Filter>Source Files\soundRecognize</Filter>
    </ClCompile>
    <ClCompile Include="cluster.cpp">
      <Filter>Source Files\soundRecognize</Filter>
    </ClCompile>
    <ClCompile Include="FFT2.cpp">
      <Filter>Source Files\soundRecognize</Filter>
    </ClCompile>
    <ClCompile Include="CharacterHelper.cpp">
      <Filter>Source Files\utils</Filter>
    </ClCompile>
    <ClCompile Include="FileDlg.cpp">
      <Filter>Source Files\dialog</Filter>
    </ClCompile>
    <ClCompile Include="FileUtil.cpp">
      <Filter>Source Files\utils</Filter>
    </ClCompile>
    <ClCompile Include="global.cpp">
      <Filter>Source Files\common</Filter>
    </ClCompile>
    <ClCompile Include="gmm.cpp">
      <Filter>Source Files\soundRecognize</Filter>
    </ClCompile>
    <ClCompile Include="kbHook.cpp">
      <Filter>Source Files\hook</Filter>
    </ClCompile>
    <ClCompile Include="mouseHook.cpp">
      <Filter>Source Files\hook</Filter>
    </ClCompile>
    <ClCompile Include="helpDlg.cpp">
      <Filter>Source Files\dialog</Filter>
    </ClCompile>
    <ClCompile Include="MainDlg.cpp">
      <Filter>Source Files\dialog</Filter>
    </ClCompile>
    <ClCompile Include="logger.cpp">
      <Filter>Source Files\utils</Filter>
    </ClCompile>
    <ClCompile Include="myRecorder.cpp">
      <Filter>Source Files\soundRecord</Filter>
    </ClCompile>
    <ClCompile Include="mfcc.cpp">
      <Filter>Source Files\soundRecognize</Filter>
    </ClCompile>
    <ClCompile Include="mq.cpp">
      <Filter>Source Files\utils</Filter>
    </ClCompile>
    <ClCompile Include="imgEx.cpp">
      <Filter>Source Files\img</Filter>
    </ClCompile>
    <ClCompile Include="hdcMap.cpp">
      <Filter>Source Files\img</Filter>
    </ClCompile>
    <ClCompile Include="MyRSA.cpp">
      <Filter>Source Files\common</Filter>
    </ClCompile>
    <ClCompile Include="OpenFileDialog.cpp">
      <Filter>Source Files\dialog</Filter>
    </ClCompile>
    <ClCompile Include="Security.cpp">
      <Filter>Source Files\common</Filter>
    </ClCompile>
    <ClCompile Include="setupDlg.cpp">
      <Filter>Source Files\dialog</Filter>
    </ClCompile>
    <ClCompile Include="PlaybackAudioCapture.cpp">
      <Filter>Source Files\soundRecord</Filter>
    </ClCompile>
    <ClCompile Include="qqContactDlg.cpp">
      <Filter>Source Files\dialog</Filter>
    </ClCompile>
    <ClCompile Include="superadminDlg.cpp">
      <Filter>Source Files\dialog</Filter>
    </ClCompile>
    <ClCompile Include="sysUtil.cpp">
      <Filter>Source Files\utils</Filter>
    </ClCompile>
    <ClCompile Include="timeUtil.cpp">
      <Filter>Source Files\utils</Filter>
    </ClCompile>
    <ClCompile Include="tools.cpp">
      <Filter>Source Files\utils</Filter>
    </ClCompile>
    <ClCompile Include="wav.cpp">
      <Filter>Source Files\utils</Filter>
    </ClCompile>
    <ClCompile Include="sysconfig.cpp">
      <Filter>Source Files\common</Filter>
    </ClCompile>
    <ClCompile Include="dlgHelper.cpp">
      <Filter>Source Files\dialog</Filter>
    </ClCompile>
    <ClCompile Include="macUtil.cpp">
      <Filter>Source Files\utils</Filter>
    </ClCompile>
    <ClCompile Include="CInitSock.cpp">
      <Filter>Source Files\utils</Filter>
    </ClCompile>
    <ClCompile Include="SocketException.cpp">
      <Filter>Source Files\exceptions</Filter>
    </ClCompile>
    <ClCompile Include="MathUtil.cpp">
      <Filter>Source Files\utils</Filter>
    </ClCompile>
    <ClCompile Include="AudioManager.cpp">
      <Filter>Source Files\soundRecord</Filter>
    </ClCompile>
    <ClCompile Include="AudioRender.cpp">
      <Filter>Source Files\soundRecord</Filter>
    </ClCompile>
    <ClCompile Include="MqMsg.cpp">
      <Filter>Source Files</Filter>
    </ClCompile>
  </ItemGroup>
  <ItemGroup>
    <ResourceCompile Include="GetOpenFileNameTest.rc">
      <Filter>Resource Files</Filter>
    </ResourceCompile>
  </ItemGroup>
  <ItemGroup>
    <Image Include="small.ico">
      <Filter>Resource Files</Filter>
    </Image>
    <Image Include="GetOpenFileNameTest.ico">
      <Filter>Resource Files</Filter>
    </Image>
  </ItemGroup>
</Project>